
Microsoft Visual Studio Solution File, Format Version 12.00
# Visual Studio Version 17
VisualStudioVersion = 17.6.33829.357
MinimumVisualStudioVersion = 10.0.40219.1
Project("{FAE04EC0-301F-11D3-BF4B-00C04F79EFBC}") = "MiddlewareExamples2", "MiddlewareExamples2\MiddlewareExamples2.csproj", "{B46E787F-71E6-4EB9-A9C7-110FAD513830}"
EndProject
Global
	GlobalSection(SolutionConfigurationPlatforms) = preSolution
		Debug|Any CPU = Debug|Any CPU
		Release|Any CPU = Release|Any CPU
	EndGlobalSection
	GlobalSection(ProjectConfigurationPlatforms) = postSolution
		{B46E787F-71E6-4EB9-A9C7-110FAD513830}.Debug|Any CPU.ActiveCfg = Debug|Any CPU
		{B46E787F-71E6-4EB9-A9C7-110FAD513830}.Debug|Any CPU.Build.0 = Debug|Any CPU
		{B46E787F-71E6-4EB9-A9C7-110FAD513830}.Release|Any CPU.ActiveCfg = Release|Any CPU
		{B46E787F-71E6-4EB9-A9C7-110FAD513830}.Release|Any CPU.Build.0 = Release|Any CPU
	EndGlobalSection
	GlobalSection(SolutionProperties) = preSolution
		HideSolutionNode = FALSE
	EndGlobalSection
	GlobalSection(ExtensibilityGlobals) = postSolution
		SolutionGuid = {02B2DE35-BE31-4DB9-A34E-9FC33B5F96A2}
	EndGlobalSection
EndGlobal
