
Microsoft Visual Studio Solution File, Format Version 12.00
# Visual Studio Version 17
VisualStudioVersion = 17.6.33829.357
MinimumVisualStudioVersion = 10.0.40219.1
Project("{FAE04EC0-301F-11D3-BF4B-00C04F79EFBC}") = "ModelBinding1-FromRoute-Query", "ModelBinding1-FromRoute-Query\ModelBinding1-FromRoute-Query.csproj", "{B648869A-9E38-44E6-88BE-E0B8EE1E1FC8}"
EndProject
Global
	GlobalSection(SolutionConfigurationPlatforms) = preSolution
		Debug|Any CPU = Debug|Any CPU
		Release|Any CPU = Release|Any CPU
	EndGlobalSection
	GlobalSection(ProjectConfigurationPlatforms) = postSolution
		{B648869A-9E38-44E6-88BE-E0B8EE1E1FC8}.Debug|Any CPU.ActiveCfg = Debug|Any CPU
		{B648869A-9E38-44E6-88BE-E0B8EE1E1FC8}.Debug|Any CPU.Build.0 = Debug|Any CPU
		{B648869A-9E38-44E6-88BE-E0B8EE1E1FC8}.Release|Any CPU.ActiveCfg = Release|Any CPU
		{B648869A-9E38-44E6-88BE-E0B8EE1E1FC8}.Release|Any CPU.Build.0 = Release|Any CPU
	EndGlobalSection
	GlobalSection(SolutionProperties) = preSolution
		HideSolutionNode = FALSE
	EndGlobalSection
	GlobalSection(ExtensibilityGlobals) = postSolution
		SolutionGuid = {68DFB12E-BC35-41E1-87BD-66230B648EC2}
	EndGlobalSection
EndGlobal
