
Microsoft Visual Studio Solution File, Format Version 12.00
# Visual Studio Version 17
VisualStudioVersion = 17.6.33829.357
MinimumVisualStudioVersion = 10.0.40219.1
Project("{FAE04EC0-301F-11D3-BF4B-00C04F79EFBC}") = "ViewsExample", "ViewsExample\ViewsExample.csproj", "{A727C951-45E0-469A-A1A4-F411230EF3A2}"
EndProject
Global
	GlobalSection(SolutionConfigurationPlatforms) = preSolution
		Debug|Any CPU = Debug|Any CPU
		Release|Any CPU = Release|Any CPU
	EndGlobalSection
	GlobalSection(ProjectConfigurationPlatforms) = postSolution
		{A727C951-45E0-469A-A1A4-F411230EF3A2}.Debug|Any CPU.ActiveCfg = Debug|Any CPU
		{A727C951-45E0-469A-A1A4-F411230EF3A2}.Debug|Any CPU.Build.0 = Debug|Any CPU
		{A727C951-45E0-469A-A1A4-F411230EF3A2}.Release|Any CPU.ActiveCfg = Release|Any CPU
		{A727C951-45E0-469A-A1A4-F411230EF3A2}.Release|Any CPU.Build.0 = Release|Any CPU
	EndGlobalSection
	GlobalSection(SolutionProperties) = preSolution
		HideSolutionNode = FALSE
	EndGlobalSection
	GlobalSection(ExtensibilityGlobals) = postSolution
		SolutionGuid = {A48EAEF6-3A22-4B19-B7AC-C181A9E8F520}
	EndGlobalSection
EndGlobal
