
Microsoft Visual Studio Solution File, Format Version 12.00
# Visual Studio Version 17
VisualStudioVersion = 17.6.33829.357
MinimumVisualStudioVersion = 10.0.40219.1
Project("{FAE04EC0-301F-11D3-BF4B-00C04F79EFBC}") = "routingExample", "routingExample\routingExample.csproj", "{8CAA5FEC-AC73-425E-8A7A-F546A495546B}"
EndProject
Global
	GlobalSection(SolutionConfigurationPlatforms) = preSolution
		Debug|Any CPU = Debug|Any CPU
		Release|Any CPU = Release|Any CPU
	EndGlobalSection
	GlobalSection(ProjectConfigurationPlatforms) = postSolution
		{8CAA5FEC-AC73-425E-8A7A-F546A495546B}.Debug|Any CPU.ActiveCfg = Debug|Any CPU
		{8CAA5FEC-AC73-425E-8A7A-F546A495546B}.Debug|Any CPU.Build.0 = Debug|Any CPU
		{8CAA5FEC-AC73-425E-8A7A-F546A495546B}.Release|Any CPU.ActiveCfg = Release|Any CPU
		{8CAA5FEC-AC73-425E-8A7A-F546A495546B}.Release|Any CPU.Build.0 = Release|Any CPU
	EndGlobalSection
	GlobalSection(SolutionProperties) = preSolution
		HideSolutionNode = FALSE
	EndGlobalSection
	GlobalSection(ExtensibilityGlobals) = postSolution
		SolutionGuid = {64DA1D3C-54AE-4FE6-8DE2-23AFD192ADB9}
	EndGlobalSection
EndGlobal
