
Microsoft Visual Studio Solution File, Format Version 12.00
# Visual Studio Version 17
VisualStudioVersion = 17.6.33829.357
MinimumVisualStudioVersion = 10.0.40219.1
Project("{FAE04EC0-301F-11D3-BF4B-00C04F79EFBC}") = "OOP-5 (Inheritance)", "OOP-5 (Inheritance)\OOP-5 (Inheritance).csproj", "{3AFC25F1-C96C-458B-B47B-B07DA536959C}"
EndProject
Global
	GlobalSection(SolutionConfigurationPlatforms) = preSolution
		Debug|Any CPU = Debug|Any CPU
		Release|Any CPU = Release|Any CPU
	EndGlobalSection
	GlobalSection(ProjectConfigurationPlatforms) = postSolution
		{3AFC25F1-C96C-458B-B47B-B07DA536959C}.Debug|Any CPU.ActiveCfg = Debug|Any CPU
		{3AFC25F1-C96C-458B-B47B-B07DA536959C}.Debug|Any CPU.Build.0 = Debug|Any CPU
		{3AFC25F1-C96C-458B-B47B-B07DA536959C}.Release|Any CPU.ActiveCfg = Release|Any CPU
		{3AFC25F1-C96C-458B-B47B-B07DA536959C}.Release|Any CPU.Build.0 = Release|Any CPU
	EndGlobalSection
	GlobalSection(SolutionProperties) = preSolution
		HideSolutionNode = FALSE
	EndGlobalSection
	GlobalSection(ExtensibilityGlobals) = postSolution
		SolutionGuid = {D4B9F1AB-E6C7-4DE4-8CDA-A736EFC33A45}
	EndGlobalSection
EndGlobal
