
Microsoft Visual Studio Solution File, Format Version 12.00
# Visual Studio Version 17
VisualStudioVersion = 17.6.33829.357
MinimumVisualStudioVersion = 10.0.40219.1
Project("{9A19103F-16F7-4668-BE54-9A1E7A4F7556}") = "CRUD-Example2", "CRUD-Example2\CRUD-Example2.csproj", "{7B19F342-7813-4D1B-A8E5-C823ECFDA365}"
EndProject
Project("{9A19103F-16F7-4668-BE54-9A1E7A4F7556}") = "Entities", "Entities\Entities.csproj", "{D839409A-00C9-486F-9D5F-C16C6B285134}"
EndProject
Project("{9A19103F-16F7-4668-BE54-9A1E7A4F7556}") = "ServiceContract", "ServiceContract\ServiceContract.csproj", "{B00C5A9E-B98E-47CF-92D7-EE1A020DF394}"
EndProject
Project("{9A19103F-16F7-4668-BE54-9A1E7A4F7556}") = "Services", "Services\Services.csproj", "{9CC9B423-9C9A-4803-A61F-B1BF1852EEB6}"
EndProject
Project("{FAE04EC0-301F-11D3-BF4B-00C04F79EFBC}") = "TestProject1", "TestProject1\TestProject1.csproj", "{09AEBEB7-C780-47BD-84E6-2778CD0BC4D9}"
EndProject
Global
	GlobalSection(SolutionConfigurationPlatforms) = preSolution
		Debug|Any CPU = Debug|Any CPU
		Release|Any CPU = Release|Any CPU
	EndGlobalSection
	GlobalSection(ProjectConfigurationPlatforms) = postSolution
		{7B19F342-7813-4D1B-A8E5-C823ECFDA365}.Debug|Any CPU.ActiveCfg = Debug|Any CPU
		{7B19F342-7813-4D1B-A8E5-C823ECFDA365}.Debug|Any CPU.Build.0 = Debug|Any CPU
		{7B19F342-7813-4D1B-A8E5-C823ECFDA365}.Release|Any CPU.ActiveCfg = Release|Any CPU
		{7B19F342-7813-4D1B-A8E5-C823ECFDA365}.Release|Any CPU.Build.0 = Release|Any CPU
		{D839409A-00C9-486F-9D5F-C16C6B285134}.Debug|Any CPU.ActiveCfg = Debug|Any CPU
		{D839409A-00C9-486F-9D5F-C16C6B285134}.Debug|Any CPU.Build.0 = Debug|Any CPU
		{D839409A-00C9-486F-9D5F-C16C6B285134}.Release|Any CPU.ActiveCfg = Release|Any CPU
		{D839409A-00C9-486F-9D5F-C16C6B285134}.Release|Any CPU.Build.0 = Release|Any CPU
		{B00C5A9E-B98E-47CF-92D7-EE1A020DF394}.Debug|Any CPU.ActiveCfg = Debug|Any CPU
		{B00C5A9E-B98E-47CF-92D7-EE1A020DF394}.Debug|Any CPU.Build.0 = Debug|Any CPU
		{B00C5A9E-B98E-47CF-92D7-EE1A020DF394}.Release|Any CPU.ActiveCfg = Release|Any CPU
		{B00C5A9E-B98E-47CF-92D7-EE1A020DF394}.Release|Any CPU.Build.0 = Release|Any CPU
		{9CC9B423-9C9A-4803-A61F-B1BF1852EEB6}.Debug|Any CPU.ActiveCfg = Debug|Any CPU
		{9CC9B423-9C9A-4803-A61F-B1BF1852EEB6}.Debug|Any CPU.Build.0 = Debug|Any CPU
		{9CC9B423-9C9A-4803-A61F-B1BF1852EEB6}.Release|Any CPU.ActiveCfg = Release|Any CPU
		{9CC9B423-9C9A-4803-A61F-B1BF1852EEB6}.Release|Any CPU.Build.0 = Release|Any CPU
		{09AEBEB7-C780-47BD-84E6-2778CD0BC4D9}.Debug|Any CPU.ActiveCfg = Debug|Any CPU
		{09AEBEB7-C780-47BD-84E6-2778CD0BC4D9}.Debug|Any CPU.Build.0 = Debug|Any CPU
		{09AEBEB7-C780-47BD-84E6-2778CD0BC4D9}.Release|Any CPU.ActiveCfg = Release|Any CPU
		{09AEBEB7-C780-47BD-84E6-2778CD0BC4D9}.Release|Any CPU.Build.0 = Release|Any CPU
	EndGlobalSection
	GlobalSection(SolutionProperties) = preSolution
		HideSolutionNode = FALSE
	EndGlobalSection
	GlobalSection(ExtensibilityGlobals) = postSolution
		SolutionGuid = {F477C9DA-08D7-4D0D-B68D-DADF5D674E14}
	EndGlobalSection
EndGlobal
