
Microsoft Visual Studio Solution File, Format Version 12.00
# Visual Studio Version 17
VisualStudioVersion = 17.6.33829.357
MinimumVisualStudioVersion = 10.0.40219.1
Project("{FAE04EC0-301F-11D3-BF4B-00C04F79EFBC}") = "RedirectResult-Examples", "RedirectResult-Examples\RedirectResult-Examples.csproj", "{2A14A6F5-A25C-4206-B708-E6E38F6DA7F6}"
EndProject
Global
	GlobalSection(SolutionConfigurationPlatforms) = preSolution
		Debug|Any CPU = Debug|Any CPU
		Release|Any CPU = Release|Any CPU
	EndGlobalSection
	GlobalSection(ProjectConfigurationPlatforms) = postSolution
		{2A14A6F5-A25C-4206-B708-E6E38F6DA7F6}.Debug|Any CPU.ActiveCfg = Debug|Any CPU
		{2A14A6F5-A25C-4206-B708-E6E38F6DA7F6}.Debug|Any CPU.Build.0 = Debug|Any CPU
		{2A14A6F5-A25C-4206-B708-E6E38F6DA7F6}.Release|Any CPU.ActiveCfg = Release|Any CPU
		{2A14A6F5-A25C-4206-B708-E6E38F6DA7F6}.Release|Any CPU.Build.0 = Release|Any CPU
	EndGlobalSection
	GlobalSection(SolutionProperties) = preSolution
		HideSolutionNode = FALSE
	EndGlobalSection
	GlobalSection(ExtensibilityGlobals) = postSolution
		SolutionGuid = {3B00B7B9-A8DC-4F43-BBD6-ABA382322608}
	EndGlobalSection
EndGlobal
