
Microsoft Visual Studio Solution File, Format Version 12.00
# Visual Studio Version 17
VisualStudioVersion = 17.6.33829.357
MinimumVisualStudioVersion = 10.0.40219.1
Project("{FAE04EC0-301F-11D3-BF4B-00C04F79EFBC}") = "JsonResturn-Examples", "JsonResturn-Examples\JsonResturn-Examples.csproj", "{4BBCEF7D-CCC0-4CCD-B404-5610AF23808E}"
EndProject
Global
	GlobalSection(SolutionConfigurationPlatforms) = preSolution
		Debug|Any CPU = Debug|Any CPU
		Release|Any CPU = Release|Any CPU
	EndGlobalSection
	GlobalSection(ProjectConfigurationPlatforms) = postSolution
		{4BBCEF7D-CCC0-4CCD-B404-5610AF23808E}.Debug|Any CPU.ActiveCfg = Debug|Any CPU
		{4BBCEF7D-CCC0-4CCD-B404-5610AF23808E}.Debug|Any CPU.Build.0 = Debug|Any CPU
		{4BBCEF7D-CCC0-4CCD-B404-5610AF23808E}.Release|Any CPU.ActiveCfg = Release|Any CPU
		{4BBCEF7D-CCC0-4CCD-B404-5610AF23808E}.Release|Any CPU.Build.0 = Release|Any CPU
	EndGlobalSection
	GlobalSection(SolutionProperties) = preSolution
		HideSolutionNode = FALSE
	EndGlobalSection
	GlobalSection(ExtensibilityGlobals) = postSolution
		SolutionGuid = {19D96113-28B5-4C0D-8E85-27252A366C78}
	EndGlobalSection
EndGlobal
