
Microsoft Visual Studio Solution File, Format Version 12.00
# Visual Studio Version 17
VisualStudioVersion = 17.6.33829.357
MinimumVisualStudioVersion = 10.0.40219.1
Project("{FAE04EC0-301F-11D3-BF4B-00C04F79EFBC}") = "CRUD-Example", "CRUD-Example\CRUD-Example.csproj", "{B9240A11-84B0-45B7-A6AE-DD5A00133323}"
EndProject
Project("{FAE04EC0-301F-11D3-BF4B-00C04F79EFBC}") = "CRUDtests", "CRUDtests\CRUDtests.csproj", "{21521C76-13D8-47BB-99A1-2907891F1326}"
EndProject
Project("{FAE04EC0-301F-11D3-BF4B-00C04F79EFBC}") = "Entities", "Entities\Entities.csproj", "{954E83DA-2954-46AA-9325-D5938A7C1BC3}"
EndProject
Project("{FAE04EC0-301F-11D3-BF4B-00C04F79EFBC}") = "ServiceContracts", "ServiceContracts\ServiceContracts.csproj", "{8939D086-341F-4E87-8D87-91C674E12DF8}"
EndProject
Project("{FAE04EC0-301F-11D3-BF4B-00C04F79EFBC}") = "Services", "Services\Services.csproj", "{8FBD53D6-26C9-4F70-9F20-7C1D1D17A556}"
EndProject
Global
	GlobalSection(SolutionConfigurationPlatforms) = preSolution
		Debug|Any CPU = Debug|Any CPU
		Release|Any CPU = Release|Any CPU
	EndGlobalSection
	GlobalSection(ProjectConfigurationPlatforms) = postSolution
		{B9240A11-84B0-45B7-A6AE-DD5A00133323}.Debug|Any CPU.ActiveCfg = Debug|Any CPU
		{B9240A11-84B0-45B7-A6AE-DD5A00133323}.Debug|Any CPU.Build.0 = Debug|Any CPU
		{B9240A11-84B0-45B7-A6AE-DD5A00133323}.Release|Any CPU.ActiveCfg = Release|Any CPU
		{B9240A11-84B0-45B7-A6AE-DD5A00133323}.Release|Any CPU.Build.0 = Release|Any CPU
		{21521C76-13D8-47BB-99A1-2907891F1326}.Debug|Any CPU.ActiveCfg = Debug|Any CPU
		{21521C76-13D8-47BB-99A1-2907891F1326}.Debug|Any CPU.Build.0 = Debug|Any CPU
		{21521C76-13D8-47BB-99A1-2907891F1326}.Release|Any CPU.ActiveCfg = Release|Any CPU
		{21521C76-13D8-47BB-99A1-2907891F1326}.Release|Any CPU.Build.0 = Release|Any CPU
		{954E83DA-2954-46AA-9325-D5938A7C1BC3}.Debug|Any CPU.ActiveCfg = Debug|Any CPU
		{954E83DA-2954-46AA-9325-D5938A7C1BC3}.Debug|Any CPU.Build.0 = Debug|Any CPU
		{954E83DA-2954-46AA-9325-D5938A7C1BC3}.Release|Any CPU.ActiveCfg = Release|Any CPU
		{954E83DA-2954-46AA-9325-D5938A7C1BC3}.Release|Any CPU.Build.0 = Release|Any CPU
		{8939D086-341F-4E87-8D87-91C674E12DF8}.Debug|Any CPU.ActiveCfg = Debug|Any CPU
		{8939D086-341F-4E87-8D87-91C674E12DF8}.Debug|Any CPU.Build.0 = Debug|Any CPU
		{8939D086-341F-4E87-8D87-91C674E12DF8}.Release|Any CPU.ActiveCfg = Release|Any CPU
		{8939D086-341F-4E87-8D87-91C674E12DF8}.Release|Any CPU.Build.0 = Release|Any CPU
		{8FBD53D6-26C9-4F70-9F20-7C1D1D17A556}.Debug|Any CPU.ActiveCfg = Debug|Any CPU
		{8FBD53D6-26C9-4F70-9F20-7C1D1D17A556}.Debug|Any CPU.Build.0 = Debug|Any CPU
		{8FBD53D6-26C9-4F70-9F20-7C1D1D17A556}.Release|Any CPU.ActiveCfg = Release|Any CPU
		{8FBD53D6-26C9-4F70-9F20-7C1D1D17A556}.Release|Any CPU.Build.0 = Release|Any CPU
	EndGlobalSection
	GlobalSection(SolutionProperties) = preSolution
		HideSolutionNode = FALSE
	EndGlobalSection
	GlobalSection(ExtensibilityGlobals) = postSolution
		SolutionGuid = {EA865453-7B28-46F5-A6EA-D164EBC21136}
	EndGlobalSection
EndGlobal
