
Microsoft Visual Studio Solution File, Format Version 12.00
# Visual Studio Version 17
VisualStudioVersion = 17.6.33829.357
MinimumVisualStudioVersion = 10.0.40219.1
Project("{FAE04EC0-301F-11D3-BF4B-00C04F79EFBC}") = "OOP-3", "OOP-3\OOP-3.csproj", "{25127A54-AA6A-45C9-B741-7CA9DB5D1F44}"
EndProject
Global
	GlobalSection(SolutionConfigurationPlatforms) = preSolution
		Debug|Any CPU = Debug|Any CPU
		Release|Any CPU = Release|Any CPU
	EndGlobalSection
	GlobalSection(ProjectConfigurationPlatforms) = postSolution
		{25127A54-AA6A-45C9-B741-7CA9DB5D1F44}.Debug|Any CPU.ActiveCfg = Debug|Any CPU
		{25127A54-AA6A-45C9-B741-7CA9DB5D1F44}.Debug|Any CPU.Build.0 = Debug|Any CPU
		{25127A54-AA6A-45C9-B741-7CA9DB5D1F44}.Release|Any CPU.ActiveCfg = Release|Any CPU
		{25127A54-AA6A-45C9-B741-7CA9DB5D1F44}.Release|Any CPU.Build.0 = Release|Any CPU
	EndGlobalSection
	GlobalSection(SolutionProperties) = preSolution
		HideSolutionNode = FALSE
	EndGlobalSection
	GlobalSection(ExtensibilityGlobals) = postSolution
		SolutionGuid = {C629199D-670C-4476-B5A7-23BB4673DDE2}
	EndGlobalSection
EndGlobal
