
Microsoft Visual Studio Solution File, Format Version 12.00
# Visual Studio Version 17
VisualStudioVersion = 17.6.33829.357
MinimumVisualStudioVersion = 10.0.40219.1
Project("{FAE04EC0-301F-11D3-BF4B-00C04F79EFBC}") = "ModelBinding-Revision1", "ModelBinding-Revision1\ModelBinding-Revision1.csproj", "{1E23D1E9-B30F-4CEC-9FC3-5612E88326E1}"
EndProject
Global
	GlobalSection(SolutionConfigurationPlatforms) = preSolution
		Debug|Any CPU = Debug|Any CPU
		Release|Any CPU = Release|Any CPU
	EndGlobalSection
	GlobalSection(ProjectConfigurationPlatforms) = postSolution
		{1E23D1E9-B30F-4CEC-9FC3-5612E88326E1}.Debug|Any CPU.ActiveCfg = Debug|Any CPU
		{1E23D1E9-B30F-4CEC-9FC3-5612E88326E1}.Debug|Any CPU.Build.0 = Debug|Any CPU
		{1E23D1E9-B30F-4CEC-9FC3-5612E88326E1}.Release|Any CPU.ActiveCfg = Release|Any CPU
		{1E23D1E9-B30F-4CEC-9FC3-5612E88326E1}.Release|Any CPU.Build.0 = Release|Any CPU
	EndGlobalSection
	GlobalSection(SolutionProperties) = preSolution
		HideSolutionNode = FALSE
	EndGlobalSection
	GlobalSection(ExtensibilityGlobals) = postSolution
		SolutionGuid = {A99D6AF2-249C-4D90-8C91-DA570D9BD1BE}
	EndGlobalSection
EndGlobal
